// !$*UTF8*$!
{
	archiveVersion = 1;
	classes = {
	};
	objectVersion = 50;
	objects = {

/* Begin PBXBuildFile section */
		AC16B46F230AFDC800CE4CDB /* AppDelegate.swift in Sources */ = {isa = PBXBuildFile; fileRef = AC16B46E230AFDC800CE4CDB /* AppDelegate.swift */; };
		AC16B471230AFDC800CE4CDB /* ViewController.swift in Sources */ = {isa = PBXBuildFile; fileRef = AC16B470230AFDC800CE4CDB /* ViewController.swift */; };
		AC16B474230AFDC800CE4CDB /* Main.storyboard in Resources */ = {isa = PBXBuildFile; fileRef = AC16B472230AFDC800CE4CDB /* Main.storyboard */; };
		AC16B476230AFDCA00CE4CDB /* Assets.xcassets in Resources */ = {isa = PBXBuildFile; fileRef = AC16B475230AFDCA00CE4CDB /* Assets.xcassets */; };
		AC16B479230AFDCA00CE4CDB /* LaunchScreen.storyboard in Resources */ = {isa = PBXBuildFile; fileRef = AC16B477230AFDCA00CE4CDB /* LaunchScreen.storyboard */; };
/* End PBXBuildFile section */

/* Begin PBXFileReference section */
		AC16B46B230AFDC800CE4CDB /* calculoTriangulos.app */ = {isa = PBXFileReference; explicitFileType = wrapper.application; includeInIndex = 0; path = calculoTriangulos.app; sourceTree = BUILT_PRODUCTS_DIR; };
		AC16B46E230AFDC800CE4CDB /* AppDelegate.swift */ = {isa = PBXFileReference; lastKnownFileType = sourcecode.swift; path = AppDelegate.swift; sourceTree = "<group>"; };
		AC16B470230AFDC800CE4CDB /* ViewController.swift */ = {isa = PBXFileReference; lastKnownFileType = sourcecode.swift; path = ViewController.swift; sourceTree = "<group>"; };
		AC16B473230AFDC800CE4CDB /* Base */ = {isa = PBXFileReference; lastKnownFileType = file.storyboard; name = Base; path = Base.lproj/Main.storyboard; sourceTree = "<group>"; };
		AC16B475230AFDCA00CE4CDB /* Assets.xcassets */ = {isa = PBXFileReference; lastKnownFileType = folder.assetcatalog; path = Assets.xcassets; sourceTree = "<group>"; };
		AC16B478230AFDCA00CE4CDB /* Base */ = {isa = PBXFileReference; lastKnownFileType = file.storyboard; name = Base; path = Base.lproj/LaunchScreen.storyboard; sourceTree = "<group>"; };
		AC16B47A230AFDCA00CE4CDB /* Info.plist */ = {isa = PBXFileReference; lastKnownFileType = text.plist.xml; path = Info.plist; sourceTree = "<group>"; };
/* End PBXFileReference section */

/* Begin PBXFrameworksBuildPhase section */
		AC16B468230AFDC800CE4CDB /* Frameworks */ = {
			isa = PBXFrameworksBuildPhase;
			buildActionMask = 2147483647;
			files = (
			);
			runOnlyForDeploymentPostprocessing = 0;
		};
/* End PBXFrameworksBuildPhase section */

/* Begin PBXGroup section */
		AC16B462230AFDC800CE4CDB = {
			isa = PBXGroup;
			children = (
				AC16B46D230AFDC800CE4CDB /* calculoTriangulos */,
				AC16B46C230AFDC800CE4CDB /* Products */,
			);
			sourceTree = "<group>";
		};
		AC16B46C230AFDC800CE4CDB /* Products */ = {
			isa = PBXGroup;
			children = (
				AC16B46B230AFDC800CE4CDB /* calculoTriangulos.app */,
			);
			name = Products;
			sourceTree = "<group>";
		};
		AC16B46D230AFDC800CE4CDB /* calculoTriangulos */ = {
			isa = PBXGroup;
			children = (
				AC16B46E230AFDC800CE4CDB /* AppDelegate.swift */,
				AC16B470230AFDC800CE4CDB /* ViewController.swift */,
				AC16B472230AFDC800CE4CDB /* Main.storyboard */,
				AC16B475230AFDCA00CE4CDB /* Assets.xcassets */,
				AC16B477230AFDCA00CE4CDB /* LaunchScreen.storyboard */,
				AC16B47A230AFDCA00CE4CDB /* Info.plist */,
			);
			path = calculoTriangulos;
			sourceTree = "<group>";
		};
/* End PBXGroup section */

/* Begin PBXNativeTarget section */
		AC16B46A230AFDC800CE4CDB /* calculoTriangulos */ = {
			isa = PBXNativeTarget;
			buildConfigurationList = AC16B47D230AFDCA00CE4CDB /* Build configuration list for PBXNativeTarget "calculoTriangulos" */;
			buildPhases = (
				AC16B467230AFDC800CE4CDB /* Sources */,
				AC16B468230AFDC800CE4CDB /* Frameworks */,
				AC16B469230AFDC800CE4CDB /* Resources */,
			);
			buildRules = (
			);
			dependencies = (
			);
			name = calculoTriangulos;
			productName = calculoTriangulos;
			productReference = AC16B46B230AFDC800CE4CDB /* calculoTriangulos.app */;
			productType = "com.apple.product-type.application";
		};
/* End PBXNativeTarget section */

/* Begin PBXProject section */
		AC16B463230AFDC800CE4CDB /* Project object */ = {
			isa = PBXProject;
			attributes = {
				LastSwiftUpdateCheck = 1020;
				LastUpgradeCheck = 1020;
				ORGANIZATIONNAME = "Layla Tame";
				TargetAttributes = {
					AC16B46A230AFDC800CE4CDB = {
						CreatedOnToolsVersion = 10.2.1;
					};
				};
			};
			buildConfigurationList = AC16B466230AFDC800CE4CDB /* Build configuration list for PBXProject "calculoTriangulos" */;
			compatibilityVersion = "Xcode 9.3";
			developmentRegion = en;
			hasScannedForEncodings = 0;
			knownRegions = (
				en,
				Base,
			);
			mainGroup = AC16B462230AFDC800CE4CDB;
			productRefGroup = AC16B46C230AFDC800CE4CDB /* Products */;
			projectDirPath = "";
			projectRoot = "";
			targets = (
				AC16B46A230AFDC800CE4CDB /* calculoTriangulos */,
			);
		};
/* End PBXProject section */

/* Begin PBXResourcesBuildPhase section */
		AC16B469230AFDC800CE4CDB /* Resources */ = {
			isa = PBXResourcesBuildPhase;
			buildActionMask = 2147483647;
			files = (
				AC16B479230AFDCA00CE4CDB /* LaunchScreen.storyboard in Resources */,
				AC16B476230AFDCA00CE4CDB /* Assets.xcassets in Resources */,
				AC16B474230AFDC800CE4CDB /* Main.storyboard in Resources */,
			);
			runOnlyForDeploymentPostprocessing = 0;
		};
/* End PBXResourcesBuildPhase section */

/* Begin PBXSourcesBuildPhase section */
		AC16B467230AFDC800CE4CDB /* Sources */ = {
			isa = PBXSourcesBuildPhase;
			buildActionMask = 2147483647;
			files = (
				AC16B471230AFDC800CE4CDB /* ViewController.swift in Sources */,
				AC16B46F230AFDC800CE4CDB /* AppDelegate.swift in Sources */,
			);
			runOnlyForDeploymentPostprocessing = 0;
		};
/* End PBXSourcesBuildPhase section */

/* Begin PBXVariantGroup section */
		AC16B472230AFDC800CE4CDB /* Main.storyboard */ = {
			isa = PBXVariantGroup;
			children = (
				AC16B473230AFDC800CE4CDB /* Base */,
			);
			name = Main.storyboard;
			sourceTree = "<group>";
		};
		AC16B477230AFDCA00CE4CDB /* LaunchScreen.storyboard */ = {
			isa = PBXVariantGroup;
			children = (
				AC16B478230AFDCA00CE4CDB /* Base */,
			);
			name = LaunchScreen.storyboard;
			sourceTree = "<group>";
		};
/* End PBXVariantGroup section */

/* Begin XCBuildConfiguration section */
		AC16B47B230AFDCA00CE4CDB /* Debug */ = {
			isa = XCBuildConfiguration;
			buildSettings = {
				ALWAYS_SEARCH_USER_PATHS = NO;
				CLANG_ANALYZER_NONNULL = YES;
				CLANG_ANALYZER_NUMBER_OBJECT_CONVERSION = YES_AGGRESSIVE;
				CLANG_CXX_LANGUAGE_STANDARD = "gnu++14";
				CLANG_CXX_LIBRARY = "libc++";
				CLANG_ENABLE_MODULES = YES;
				CLANG_ENABLE_OBJC_ARC = YES;
				CLANG_ENABLE_OBJC_WEAK = YES;
				CLANG_WARN_BLOCK_CAPTURE_AUTORELEASING = YES;
				CLANG_WARN_BOOL_CONVERSION = YES;
				CLANG_WARN_COMMA = YES;
				CLANG_WARN_CONSTANT_CONVERSION = YES;
				CLANG_WARN_DEPRECATED_OBJC_IMPLEMENTATIONS = YES;
				CLANG_WARN_DIRECT_OBJC_ISA_USAGE = YES_ERROR;
				CLANG_WARN_DOCUMENTATION_COMMENTS = YES;
				CLANG_WARN_EMPTY_BODY = YES;
				CLANG_WARN_ENUM_CONVERSION = YES;
				CLANG_WARN_INFINITE_RECURSION = YES;
				CLANG_WARN_INT_CONVERSION = YES;
				CLANG_WARN_NON_LITERAL_NULL_CONVERSION = YES;
				CLANG_WARN_OBJC_IMPLICIT_RETAIN_SELF = YES;
				CLANG_WARN_OBJC_LITERAL_CONVERSION = YES;
				CLANG_WARN_OBJC_ROOT_CLASS = YES_ERROR;
				CLANG_WARN_RANGE_LOOP_ANALYSIS = YES;
				CLANG_WARN_STRICT_PROTOTYPES = YES;
				CLANG_WARN_SUSPICIOUS_MOVE = YES;
				CLANG_WARN_UNGUARDED_AVAILABILITY = YES_AGGRESSIVE;
				CLANG_WARN_UNREACHABLE_CODE = YES;
				CLANG_WARN__DUPLICATE_METHOD_MATCH = YES;
				CODE_SIGN_IDENTITY = "iPhone Developer";
				COPY_PHASE_STRIP = NO;
				DEBUG_INFORMATION_FORMAT = dwarf;
				ENABLE_STRICT_OBJC_MSGSEND = YES;
				ENABLE_TESTABILITY = YES;
				GCC_C_LANGUAGE_STANDARD = gnu11;
				GCC_DYNAMIC_NO_PIC = NO;
				GCC_NO_COMMON_BLOCKS = YES;
				GCC_OPTIMIZATION_LEVEL = 0;
				GCC_PREPROCESSOR_DEFINITIONS = (
					"DEBUG=1",
					"$(inherited)",
				);
				GCC_WARN_64_TO_32_BIT_CONVERSION = YES;
				GCC_WARN_ABOUT_RETURN_TYPE = YES_ERROR;
				GCC_WARN_UNDECLARED_SELECTOR = YES;
				GCC_WARN_UNINITIALIZED_AUTOS = YES_AGGRESSIVE;
				GCC_WARN_UNUSED_FUNCTION = YES;
				GCC_WARN_UNUSED_VARIABLE = YES;
				IPHONEOS_DEPLOYMENT_TARGET = 12.2;
				MTL_ENABLE_DEBUG_INFO = INCLUDE_SOURCE;
				MTL_FAST_MATH = YES;
				ONLY_ACTIVE_ARCH = YES;
				SDKROOT = iphoneos;
				SWIFT_ACTIVE_COMPILATION_CONDITIONS = DEBUG;
				SWIFT_OPTIMIZATION_LEVEL = "-Onone";
			};
			name = Debug;
		};
		AC16B47C230AFDCA00CE4CDB /* Release */ = {
			isa = XCBuildConfiguration;
			buildSettings = {
				ALWAYS_SEARCH_USER_PATHS = NO;
				CLANG_ANALYZER_NONNULL = YES;
				CLANG_ANALYZER_NUMBER_OBJECT_CONVERSION = YES_AGGRESSIVE;
				CLANG_CXX_LANGUAGE_STANDARD = "gnu++14";
				CLANG_CXX_LIBRARY = "libc++";
				CLANG_ENABLE_MODULES = YES;
				CLANG_ENABLE_OBJC_ARC = YES;
				CLANG_ENABLE_OBJC_WEAK = YES;
				CLANG_WARN_BLOCK_CAPTURE_AUTORELEASING = YES;
				CLANG_WARN_BOOL_CONVERSION = YES;
				CLANG_WARN_COMMA = YES;
				CLANG_WARN_CONSTANT_CONVERSION = YES;
				CLANG_WARN_DEPRECATED_OBJC_IMPLEMENTATIONS = YES;
				CLANG_WARN_DIRECT_OBJC_ISA_USAGE = YES_ERROR;
				CLANG_WARN_DOCUMENTATION_COMMENTS = YES;
				CLANG_WARN_EMPTY_BODY = YES;
				CLANG_WARN_ENUM_CONVERSION = YES;
				CLANG_WARN_INFINITE_RECURSION = YES;
				CLANG_WARN_INT_CONVERSION = YES;
				CLANG_WARN_NON_LITERAL_NULL_CONVERSION = YES;
				CLANG_WARN_OBJC_IMPLICIT_RETAIN_SELF = YES;
				CLANG_WARN_OBJC_LITERAL_CONVERSION = YES;
				CLANG_WARN_OBJC_ROOT_CLASS = YES_ERROR;
				CLANG_WARN_RANGE_LOOP_ANALYSIS = YES;
				CLANG_WARN_STRICT_PROTOTYPES = YES;
				CLANG_WARN_SUSPICIOUS_MOVE = YES;
				CLANG_WARN_UNGUARDED_AVAILABILITY = YES_AGGRESSIVE;
				CLANG_WARN_UNREACHABLE_CODE = YES;
				CLANG_WARN__DUPLICATE_METHOD_MATCH = YES;
				CODE_SIGN_IDENTITY = "iPhone Developer";
				COPY_PHASE_STRIP = NO;
				DEBUG_INFORMATION_FORMAT = "dwarf-with-dsym";
				ENABLE_NS_ASSERTIONS = NO;
				ENABLE_STRICT_OBJC_MSGSEND = YES;
				GCC_C_LANGUAGE_STANDARD = gnu11;
				GCC_NO_COMMON_BLOCKS = YES;
				GCC_WARN_64_TO_32_BIT_CONVERSION = YES;
				GCC_WARN_ABOUT_RETURN_TYPE = YES_ERROR;
				GCC_WARN_UNDECLARED_SELECTOR = YES;
				GCC_WARN_UNINITIALIZED_AUTOS = YES_AGGRESSIVE;
				GCC_WARN_UNUSED_FUNCTION = YES;
				GCC_WARN_UNUSED_VARIABLE = YES;
				IPHONEOS_DEPLOYMENT_TARGET = 12.2;
				MTL_ENABLE_DEBUG_INFO = NO;
				MTL_FAST_MATH = YES;
				SDKROOT = iphoneos;
				SWIFT_COMPILATION_MODE = wholemodule;
				SWIFT_OPTIMIZATION_LEVEL = "-O";
				VALIDATE_PRODUCT = YES;
			};
			name = Release;
		};
		AC16B47E230AFDCA00CE4CDB /* Debug */ = {
			isa = XCBuildConfiguration;
			buildSettings = {
				ASSETCATALOG_COMPILER_APPICON_NAME = AppIcon;
				CODE_SIGN_STYLE = Automatic;
				INFOPLIST_FILE = calculoTriangulos/Info.plist;
				LD_RUNPATH_SEARCH_PATHS = (
					"$(inherited)",
					"@executable_path/Frameworks",
				);
				PRODUCT_BUNDLE_IDENTIFIER = LT.calculoTriangulos;
				PRODUCT_NAME = "$(TARGET_NAME)";
				SWIFT_VERSION = 5.0;
				TARGETED_DEVICE_FAMILY = "1,2";
			};
			name = Debug;
		};
		AC16B47F230AFDCA00CE4CDB /* Release */ = {
			isa = XCBuildConfiguration;
			buildSettings = {
				ASSETCATALOG_COMPILER_APPICON_NAME = AppIcon;
				CODE_SIGN_STYLE = Automatic;
				INFOPLIST_FILE = calculoTriangulos/Info.plist;
				LD_RUNPATH_SEARCH_PATHS = (
					"$(inherited)",
					"@executable_path/Frameworks",
				);
				PRODUCT_BUNDLE_IDENTIFIER = LT.calculoTriangulos;
				PRODUCT_NAME = "$(TARGET_NAME)";
				SWIFT_VERSION = 5.0;
				TARGETED_DEVICE_FAMILY = "1,2";
			};
			name = Release;
		};
/* End XCBuildConfiguration section */

/* Begin XCConfigurationList section */
		AC16B466230AFDC800CE4CDB /* Build configuration list for PBXProject "calculoTriangulos" */ = {
			isa = XCConfigurationList;
			buildConfigurations = (
				AC16B47B230AFDCA00CE4CDB /* Debug */,
				AC16B47C230AFDCA00CE4CDB /* Release */,
			);
			defaultConfigurationIsVisible = 0;
			defaultConfigurationName = Release;
		};
		AC16B47D230AFDCA00CE4CDB /* Build configuration list for PBXNativeTarget "calculoTriangulos" */ = {
			isa = XCConfigurationList;
			buildConfigurations = (
				AC16B47E230AFDCA00CE4CDB /* Debug */,
				AC16B47F230AFDCA00CE4CDB /* Release */,
			);
			defaultConfigurationIsVisible = 0;
			defaultConfigurationName = Release;
		};
/* End XCConfigurationList section */
	};
	rootObject = AC16B463230AFDC800CE4CDB /* Project object */;
}
